
Microsoft Visual Studio Solution File, Format Version 12.00
# Visual Studio Version 17
VisualStudioVersion = 17.14.37516.0 d17.14
MinimumVisualStudioVersion = 10.0.40219.1
Project("{FAE04EC0-301F-11D3-BF4B-00C04F79EFBC}") = "Lap06-BT", "Lap06-BT\Lap06-BT.csproj", "{49DBFC8F-A990-44F6-9AB7-827169BB85FA}"
EndProject
Global
	GlobalSection(SolutionConfigurationPlatforms) = preSolution
		Debug|Any CPU = Debug|Any CPU
		Release|Any CPU = Release|Any CPU
	EndGlobalSection
	GlobalSection(ProjectConfigurationPlatforms) = postSolution
		{49DBFC8F-A990-44F6-9AB7-827169BB85FA}.Debug|Any CPU.ActiveCfg = Debug|Any CPU
		{49DBFC8F-A990-44F6-9AB7-827169BB85FA}.Debug|Any CPU.Build.0 = Debug|Any CPU
		{49DBFC8F-A990-44F6-9AB7-827169BB85FA}.Release|Any CPU.ActiveCfg = Release|Any CPU
		{49DBFC8F-A990-44F6-9AB7-827169BB85FA}.Release|Any CPU.Build.0 = Release|Any CPU
	EndGlobalSection
	GlobalSection(SolutionProperties) = preSolution
		HideSolutionNode = FALSE
	EndGlobalSection
	GlobalSection(ExtensibilityGlobals) = postSolution
		SolutionGuid = {96567DC9-B67A-4034-8EC3-FC8D7F6B4469}
	EndGlobalSection
EndGlobal
