
Microsoft Visual Studio Solution File, Format Version 12.00
# Visual Studio Version 17
VisualStudioVersion = 17.14.37516.0 d17.14
MinimumVisualStudioVersion = 10.0.40219.1
Project("{FAE04EC0-301F-11D3-BF4B-00C04F79EFBC}") = "Lap09", "Lap09\Lap09.csproj", "{68255BFC-5D6A-48D7-A1D9-DFE8E9F4D93B}"
EndProject
Global
	GlobalSection(SolutionConfigurationPlatforms) = preSolution
		Debug|Any CPU = Debug|Any CPU
		Release|Any CPU = Release|Any CPU
	EndGlobalSection
	GlobalSection(ProjectConfigurationPlatforms) = postSolution
		{68255BFC-5D6A-48D7-A1D9-DFE8E9F4D93B}.Debug|Any CPU.ActiveCfg = Debug|Any CPU
		{68255BFC-5D6A-48D7-A1D9-DFE8E9F4D93B}.Debug|Any CPU.Build.0 = Debug|Any CPU
		{68255BFC-5D6A-48D7-A1D9-DFE8E9F4D93B}.Release|Any CPU.ActiveCfg = Release|Any CPU
		{68255BFC-5D6A-48D7-A1D9-DFE8E9F4D93B}.Release|Any CPU.Build.0 = Release|Any CPU
	EndGlobalSection
	GlobalSection(SolutionProperties) = preSolution
		HideSolutionNode = FALSE
	EndGlobalSection
	GlobalSection(ExtensibilityGlobals) = postSolution
		SolutionGuid = {E06F4DF3-4DDD-40FA-ACA5-8C454DBC326C}
	EndGlobalSection
EndGlobal
