
Microsoft Visual Studio Solution File, Format Version 12.00
# Visual Studio Version 17
VisualStudioVersion = 17.14.37516.0 d17.14
MinimumVisualStudioVersion = 10.0.40219.1
Project("{FAE04EC0-301F-11D3-BF4B-00C04F79EFBC}") = "WB6", "WB6\WB6.csproj", "{450AD784-6C28-4094-BF3E-D97D148F0ABA}"
EndProject
Global
	GlobalSection(SolutionConfigurationPlatforms) = preSolution
		Debug|Any CPU = Debug|Any CPU
		Release|Any CPU = Release|Any CPU
	EndGlobalSection
	GlobalSection(ProjectConfigurationPlatforms) = postSolution
		{450AD784-6C28-4094-BF3E-D97D148F0ABA}.Debug|Any CPU.ActiveCfg = Debug|Any CPU
		{450AD784-6C28-4094-BF3E-D97D148F0ABA}.Debug|Any CPU.Build.0 = Debug|Any CPU
		{450AD784-6C28-4094-BF3E-D97D148F0ABA}.Release|Any CPU.ActiveCfg = Release|Any CPU
		{450AD784-6C28-4094-BF3E-D97D148F0ABA}.Release|Any CPU.Build.0 = Release|Any CPU
	EndGlobalSection
	GlobalSection(SolutionProperties) = preSolution
		HideSolutionNode = FALSE
	EndGlobalSection
	GlobalSection(ExtensibilityGlobals) = postSolution
		SolutionGuid = {BB7846AD-66E2-4BA5-84E8-7CF02797D498}
	EndGlobalSection
EndGlobal
