
Microsoft Visual Studio Solution File, Format Version 12.00
# Visual Studio Version 17
VisualStudioVersion = 17.14.37516.0 d17.14
MinimumVisualStudioVersion = 10.0.40219.1
Project("{FAE04EC0-301F-11D3-BF4B-00C04F79EFBC}") = "Labguide05", "Labguide05\Labguide05.csproj", "{B6AFECDF-723D-4559-97B9-83F185C2FB4B}"
EndProject
Global
	GlobalSection(SolutionConfigurationPlatforms) = preSolution
		Debug|Any CPU = Debug|Any CPU
		Release|Any CPU = Release|Any CPU
	EndGlobalSection
	GlobalSection(ProjectConfigurationPlatforms) = postSolution
		{B6AFECDF-723D-4559-97B9-83F185C2FB4B}.Debug|Any CPU.ActiveCfg = Debug|Any CPU
		{B6AFECDF-723D-4559-97B9-83F185C2FB4B}.Debug|Any CPU.Build.0 = Debug|Any CPU
		{B6AFECDF-723D-4559-97B9-83F185C2FB4B}.Release|Any CPU.ActiveCfg = Release|Any CPU
		{B6AFECDF-723D-4559-97B9-83F185C2FB4B}.Release|Any CPU.Build.0 = Release|Any CPU
	EndGlobalSection
	GlobalSection(SolutionProperties) = preSolution
		HideSolutionNode = FALSE
	EndGlobalSection
	GlobalSection(ExtensibilityGlobals) = postSolution
		SolutionGuid = {94911E4E-B135-4D58-BCF1-B67474348ABD}
	EndGlobalSection
EndGlobal
