
Microsoft Visual Studio Solution File, Format Version 12.00
# Visual Studio Version 17
VisualStudioVersion = 17.14.37516.0 d17.14
MinimumVisualStudioVersion = 10.0.40219.1
Project("{FAE04EC0-301F-11D3-BF4B-00C04F79EFBC}") = "Lap06", "Lap06\Lap06.csproj", "{0DD48D09-136C-4B93-9B43-FD2EA3E6DB83}"
EndProject
Global
	GlobalSection(SolutionConfigurationPlatforms) = preSolution
		Debug|Any CPU = Debug|Any CPU
		Release|Any CPU = Release|Any CPU
	EndGlobalSection
	GlobalSection(ProjectConfigurationPlatforms) = postSolution
		{0DD48D09-136C-4B93-9B43-FD2EA3E6DB83}.Debug|Any CPU.ActiveCfg = Debug|Any CPU
		{0DD48D09-136C-4B93-9B43-FD2EA3E6DB83}.Debug|Any CPU.Build.0 = Debug|Any CPU
		{0DD48D09-136C-4B93-9B43-FD2EA3E6DB83}.Release|Any CPU.ActiveCfg = Release|Any CPU
		{0DD48D09-136C-4B93-9B43-FD2EA3E6DB83}.Release|Any CPU.Build.0 = Release|Any CPU
	EndGlobalSection
	GlobalSection(SolutionProperties) = preSolution
		HideSolutionNode = FALSE
	EndGlobalSection
	GlobalSection(ExtensibilityGlobals) = postSolution
		SolutionGuid = {E8A860E3-4B8F-4BA7-9563-9FF786941192}
	EndGlobalSection
EndGlobal
