
Microsoft Visual Studio Solution File, Format Version 12.00
# Visual Studio Version 17
VisualStudioVersion = 17.14.37516.0 d17.14
MinimumVisualStudioVersion = 10.0.40219.1
Project("{FAE04EC0-301F-11D3-BF4B-00C04F79EFBC}") = "WebApplication2", "WebApplication2\WebApplication2.csproj", "{B4CC63EF-087E-4D9E-8040-05F4D2134F3D}"
EndProject
Global
	GlobalSection(SolutionConfigurationPlatforms) = preSolution
		Debug|Any CPU = Debug|Any CPU
		Release|Any CPU = Release|Any CPU
	EndGlobalSection
	GlobalSection(ProjectConfigurationPlatforms) = postSolution
		{B4CC63EF-087E-4D9E-8040-05F4D2134F3D}.Debug|Any CPU.ActiveCfg = Debug|Any CPU
		{B4CC63EF-087E-4D9E-8040-05F4D2134F3D}.Debug|Any CPU.Build.0 = Debug|Any CPU
		{B4CC63EF-087E-4D9E-8040-05F4D2134F3D}.Release|Any CPU.ActiveCfg = Release|Any CPU
		{B4CC63EF-087E-4D9E-8040-05F4D2134F3D}.Release|Any CPU.Build.0 = Release|Any CPU
	EndGlobalSection
	GlobalSection(SolutionProperties) = preSolution
		HideSolutionNode = FALSE
	EndGlobalSection
	GlobalSection(ExtensibilityGlobals) = postSolution
		SolutionGuid = {A45129EA-1CBE-4019-8158-C5CB0982DBD4}
	EndGlobalSection
EndGlobal
